
Microsoft Visual Studio Solution File, Format Version 12.00
# Visual Studio Version 17
VisualStudioVersion = 17.0.31903.59
MinimumVisualStudioVersion = 10.0.40219.1
Project("{FAE04EC0-301F-11D3-BF4B-00C04F79EFBC}") = "PatientlyService.Core", "PatientlyService.Core\PatientlyService.Core.csproj", "{EBD6ECD8-A601-4D4C-9A53-90B7E87B616C}"
EndProject
Project("{FAE04EC0-301F-11D3-BF4B-00C04F79EFBC}") = "PatientlyService.API", "PatientlyService.API\PatientlyService.API.csproj", "{F26D466D-FCDC-4176-B19E-B6BB4B0F225A}"
EndProject
Project("{FAE04EC0-301F-11D3-BF4B-00C04F79EFBC}") = "PatientlyService.Contract", "PatientlyService.Contract\PatientlyService.Contract.csproj", "{6D1C62A6-B2E4-4B66-B5EE-469AEAE5C747}"
EndProject
Global
	GlobalSection(SolutionConfigurationPlatforms) = preSolution
		Debug|Any CPU = Debug|Any CPU
		Release|Any CPU = Release|Any CPU
	EndGlobalSection
	GlobalSection(SolutionProperties) = preSolution
		HideSolutionNode = FALSE
	EndGlobalSection
	GlobalSection(ProjectConfigurationPlatforms) = postSolution
		{EBD6ECD8-A601-4D4C-9A53-90B7E87B616C}.Debug|Any CPU.ActiveCfg = Debug|Any CPU
		{EBD6ECD8-A601-4D4C-9A53-90B7E87B616C}.Debug|Any CPU.Build.0 = Debug|Any CPU
		{EBD6ECD8-A601-4D4C-9A53-90B7E87B616C}.Release|Any CPU.ActiveCfg = Release|Any CPU
		{EBD6ECD8-A601-4D4C-9A53-90B7E87B616C}.Release|Any CPU.Build.0 = Release|Any CPU
		{F26D466D-FCDC-4176-B19E-B6BB4B0F225A}.Debug|Any CPU.ActiveCfg = Debug|Any CPU
		{F26D466D-FCDC-4176-B19E-B6BB4B0F225A}.Debug|Any CPU.Build.0 = Debug|Any CPU
		{F26D466D-FCDC-4176-B19E-B6BB4B0F225A}.Release|Any CPU.ActiveCfg = Release|Any CPU
		{F26D466D-FCDC-4176-B19E-B6BB4B0F225A}.Release|Any CPU.Build.0 = Release|Any CPU
		{6D1C62A6-B2E4-4B66-B5EE-469AEAE5C747}.Debug|Any CPU.ActiveCfg = Debug|Any CPU
		{6D1C62A6-B2E4-4B66-B5EE-469AEAE5C747}.Debug|Any CPU.Build.0 = Debug|Any CPU
		{6D1C62A6-B2E4-4B66-B5EE-469AEAE5C747}.Release|Any CPU.ActiveCfg = Release|Any CPU
		{6D1C62A6-B2E4-4B66-B5EE-469AEAE5C747}.Release|Any CPU.Build.0 = Release|Any CPU
	EndGlobalSection
EndGlobal
