
Microsoft Visual Studio Solution File, Format Version 12.00
# Visual Studio Version 17
VisualStudioVersion = 17.0.31903.59
MinimumVisualStudioVersion = 10.0.40219.1
Project("{FAE04EC0-301F-11D3-BF4B-00C04F79EFBC}") = "PatientlyService.Core", "PatientlyService.Core\PatientlyService.Core.csproj", "{EBD6ECD8-A601-4D4C-9A53-90B7E87B616C}"
EndProject
Project("{FAE04EC0-301F-11D3-BF4B-00C04F79EFBC}") = "PatientlyService.API", "PatientlyService.API\PatientlyService.API.csproj", "{F26D466D-FCDC-4176-B19E-B6BB4B0F225A}"
EndProject
Project("{2150E333-8FDC-42A3-9474-1A3956D46DE8}") = ".github", ".github", "{C51966FF-14D9-4A90-927E-9C0239AC172D}"
EndProject
Project("{2150E333-8FDC-42A3-9474-1A3956D46DE8}") = "workflows", "workflows", "{F35F8E8C-76E4-4B5E-8C40-C6368213855D}"
	ProjectSection(SolutionItems) = preProject
		.github\workflows\deploy.yml = .github\workflows\deploy.yml
	EndProjectSection
EndProject
Global
	GlobalSection(SolutionConfigurationPlatforms) = preSolution
		Debug|Any CPU = Debug|Any CPU
		Release|Any CPU = Release|Any CPU
	EndGlobalSection
	GlobalSection(SolutionProperties) = preSolution
		HideSolutionNode = FALSE
	EndGlobalSection
	GlobalSection(ProjectConfigurationPlatforms) = postSolution
		{EBD6ECD8-A601-4D4C-9A53-90B7E87B616C}.Debug|Any CPU.ActiveCfg = Debug|Any CPU
		{EBD6ECD8-A601-4D4C-9A53-90B7E87B616C}.Debug|Any CPU.Build.0 = Debug|Any CPU
		{EBD6ECD8-A601-4D4C-9A53-90B7E87B616C}.Release|Any CPU.ActiveCfg = Release|Any CPU
		{EBD6ECD8-A601-4D4C-9A53-90B7E87B616C}.Release|Any CPU.Build.0 = Release|Any CPU
		{F26D466D-FCDC-4176-B19E-B6BB4B0F225A}.Debug|Any CPU.ActiveCfg = Debug|Any CPU
		{F26D466D-FCDC-4176-B19E-B6BB4B0F225A}.Debug|Any CPU.Build.0 = Debug|Any CPU
		{F26D466D-FCDC-4176-B19E-B6BB4B0F225A}.Release|Any CPU.ActiveCfg = Release|Any CPU
		{F26D466D-FCDC-4176-B19E-B6BB4B0F225A}.Release|Any CPU.Build.0 = Release|Any CPU
	EndGlobalSection
	GlobalSection(NestedProjects) = preSolution
		{F35F8E8C-76E4-4B5E-8C40-C6368213855D} = {C51966FF-14D9-4A90-927E-9C0239AC172D}
	EndGlobalSection
EndGlobal
